// !$*UTF8*$!
{
	archiveVersion = 1;
	classes = {
	};
	objectVersion = 50;
	objects = {

/* Begin PBXBuildFile section */
		64D1B490257632600021B29C /* AppDelegate.m in Sources */ = {isa = PBXBuildFile; fileRef = 64D1B48F257632600021B29C /* AppDelegate.m */; };
		64D1B493257632600021B29C /* SceneDelegate.m in Sources */ = {isa = PBXBuildFile; fileRef = 64D1B492257632600021B29C /* SceneDelegate.m */; };
		64D1B496257632600021B29C /* ViewController.m in Sources */ = {isa = PBXBuildFile; fileRef = 64D1B495257632600021B29C /* ViewController.m */; };
		64D1B499257632600021B29C /* Main.storyboard in Resources */ = {isa = PBXBuildFile; fileRef = 64D1B497257632600021B29C /* Main.storyboard */; };
		64D1B49B257632610021B29C /* Assets.xcassets in Resources */ = {isa = PBXBuildFile; fileRef = 64D1B49A257632610021B29C /* Assets.xcassets */; };
		64D1B49E257632610021B29C /* LaunchScreen.storyboard in Resources */ = {isa = PBXBuildFile; fileRef = 64D1B49C257632610021B29C /* LaunchScreen.storyboard */; };
		64D1B4A1257632610021B29C /* main.m in Sources */ = {isa = PBXBuildFile; fileRef = 64D1B4A0257632610021B29C /* main.m */; };
		64D1B4B625763C410021B29C /* TGTestSDK.framework in Frameworks */ = {isa = PBXBuildFile; fileRef = 64D1B4B525763C410021B29C /* TGTestSDK.framework */; };
/* End PBXBuildFile section */

/* Begin PBXFileReference section */
		64D1B48B257632600021B29C /* TGTestDemo.app */ = {isa = PBXFileReference; explicitFileType = wrapper.application; includeInIndex = 0; path = TGTestDemo.app; sourceTree = BUILT_PRODUCTS_DIR; };
		64D1B48E257632600021B29C /* AppDelegate.h */ = {isa = PBXFileReference; lastKnownFileType = sourcecode.c.h; path = AppDelegate.h; sourceTree = "<group>"; };
		64D1B48F257632600021B29C /* AppDelegate.m */ = {isa = PBXFileReference; lastKnownFileType = sourcecode.c.objc; path = AppDelegate.m; sourceTree = "<group>"; };
		64D1B491257632600021B29C /* SceneDelegate.h */ = {isa = PBXFileReference; lastKnownFileType = sourcecode.c.h; path = SceneDelegate.h; sourceTree = "<group>"; };
		64D1B492257632600021B29C /* SceneDelegate.m */ = {isa = PBXFileReference; lastKnownFileType = sourcecode.c.objc; path = SceneDelegate.m; sourceTree = "<group>"; };
		64D1B494257632600021B29C /* ViewController.h */ = {isa = PBXFileReference; lastKnownFileType = sourcecode.c.h; path = ViewController.h; sourceTree = "<group>"; };
		64D1B495257632600021B29C /* ViewController.m */ = {isa = PBXFileReference; lastKnownFileType = sourcecode.c.objc; path = ViewController.m; sourceTree = "<group>"; };
		64D1B498257632600021B29C /* Base */ = {isa = PBXFileReference; lastKnownFileType = file.storyboard; name = Base; path = Base.lproj/Main.storyboard; sourceTree = "<group>"; };
		64D1B49A257632610021B29C /* Assets.xcassets */ = {isa = PBXFileReference; lastKnownFileType = folder.assetcatalog; path = Assets.xcassets; sourceTree = "<group>"; };
		64D1B49D257632610021B29C /* Base */ = {isa = PBXFileReference; lastKnownFileType = file.storyboard; name = Base; path = Base.lproj/LaunchScreen.storyboard; sourceTree = "<group>"; };
		64D1B49F257632610021B29C /* Info.plist */ = {isa = PBXFileReference; lastKnownFileType = text.plist.xml; path = Info.plist; sourceTree = "<group>"; };
		64D1B4A0257632610021B29C /* main.m */ = {isa = PBXFileReference; lastKnownFileType = sourcecode.c.objc; path = main.m; sourceTree = "<group>"; };
		64D1B4B525763C410021B29C /* TGTestSDK.framework */ = {isa = PBXFileReference; lastKnownFileType = wrapper.framework; path = TGTestSDK.framework; sourceTree = "<group>"; };
/* End PBXFileReference section */

/* Begin PBXFrameworksBuildPhase section */
		64D1B488257632600021B29C /* Frameworks */ = {
			isa = PBXFrameworksBuildPhase;
			buildActionMask = 2147483647;
			files = (
				64D1B4B625763C410021B29C /* TGTestSDK.framework in Frameworks */,
			);
			runOnlyForDeploymentPostprocessing = 0;
		};
/* End PBXFrameworksBuildPhase section */

/* Begin PBXGroup section */
		64D1B482257632600021B29C = {
			isa = PBXGroup;
			children = (
				64D1B48D257632600021B29C /* TGTestDemo */,
				64D1B48C257632600021B29C /* Products */,
			);
			sourceTree = "<group>";
		};
		64D1B48C257632600021B29C /* Products */ = {
			isa = PBXGroup;
			children = (
				64D1B48B257632600021B29C /* TGTestDemo.app */,
			);
			name = Products;
			sourceTree = "<group>";
		};
		64D1B48D257632600021B29C /* TGTestDemo */ = {
			isa = PBXGroup;
			children = (
				64D1B4B525763C410021B29C /* TGTestSDK.framework */,
				64D1B48E257632600021B29C /* AppDelegate.h */,
				64D1B48F257632600021B29C /* AppDelegate.m */,
				64D1B491257632600021B29C /* SceneDelegate.h */,
				64D1B492257632600021B29C /* SceneDelegate.m */,
				64D1B494257632600021B29C /* ViewController.h */,
				64D1B495257632600021B29C /* ViewController.m */,
				64D1B497257632600021B29C /* Main.storyboard */,
				64D1B49A257632610021B29C /* Assets.xcassets */,
				64D1B49C257632610021B29C /* LaunchScreen.storyboard */,
				64D1B49F257632610021B29C /* Info.plist */,
				64D1B4A0257632610021B29C /* main.m */,
			);
			path = TGTestDemo;
			sourceTree = "<group>";
		};
/* End PBXGroup section */

/* Begin PBXNativeTarget section */
		64D1B48A257632600021B29C /* TGTestDemo */ = {
			isa = PBXNativeTarget;
			buildConfigurationList = 64D1B4A4257632610021B29C /* Build configuration list for PBXNativeTarget "TGTestDemo" */;
			buildPhases = (
				64D1B487257632600021B29C /* Sources */,
				64D1B488257632600021B29C /* Frameworks */,
				64D1B489257632600021B29C /* Resources */,
			);
			buildRules = (
			);
			dependencies = (
			);
			name = TGTestDemo;
			productName = TGTestDemo;
			productReference = 64D1B48B257632600021B29C /* TGTestDemo.app */;
			productType = "com.apple.product-type.application";
		};
/* End PBXNativeTarget section */

/* Begin PBXProject section */
		64D1B483257632600021B29C /* Project object */ = {
			isa = PBXProject;
			attributes = {
				LastUpgradeCheck = 1140;
				ORGANIZATIONNAME = PersonalONBYL;
				TargetAttributes = {
					64D1B48A257632600021B29C = {
						CreatedOnToolsVersion = 11.4;
					};
				};
			};
			buildConfigurationList = 64D1B486257632600021B29C /* Build configuration list for PBXProject "TGTestDemo" */;
			compatibilityVersion = "Xcode 9.3";
			developmentRegion = en;
			hasScannedForEncodings = 0;
			knownRegions = (
				en,
				Base,
			);
			mainGroup = 64D1B482257632600021B29C;
			productRefGroup = 64D1B48C257632600021B29C /* Products */;
			projectDirPath = "";
			projectRoot = "";
			targets = (
				64D1B48A257632600021B29C /* TGTestDemo */,
			);
		};
/* End PBXProject section */

/* Begin PBXResourcesBuildPhase section */
		64D1B489257632600021B29C /* Resources */ = {
			isa = PBXResourcesBuildPhase;
			buildActionMask = 2147483647;
			files = (
				64D1B49E257632610021B29C /* LaunchScreen.storyboard in Resources */,
				64D1B49B257632610021B29C /* Assets.xcassets in Resources */,
				64D1B499257632600021B29C /* Main.storyboard in Resources */,
			);
			runOnlyForDeploymentPostprocessing = 0;
		};
/* End PBXResourcesBuildPhase section */

/* Begin PBXSourcesBuildPhase section */
		64D1B487257632600021B29C /* Sources */ = {
			isa = PBXSourcesBuildPhase;
			buildActionMask = 2147483647;
			files = (
				64D1B496257632600021B29C /* ViewController.m in Sources */,
				64D1B490257632600021B29C /* AppDelegate.m in Sources */,
				64D1B4A1257632610021B29C /* main.m in Sources */,
				64D1B493257632600021B29C /* SceneDelegate.m in Sources */,
			);
			runOnlyForDeploymentPostprocessing = 0;
		};
/* End PBXSourcesBuildPhase section */

/* Begin PBXVariantGroup section */
		64D1B497257632600021B29C /* Main.storyboard */ = {
			isa = PBXVariantGroup;
			children = (
				64D1B498257632600021B29C /* Base */,
			);
			name = Main.storyboard;
			sourceTree = "<group>";
		};
		64D1B49C257632610021B29C /* LaunchScreen.storyboard */ = {
			isa = PBXVariantGroup;
			children = (
				64D1B49D257632610021B29C /* Base */,
			);
			name = LaunchScreen.storyboard;
			sourceTree = "<group>";
		};
/* End PBXVariantGroup section */

/* Begin XCBuildConfiguration section */
		64D1B4A2257632610021B29C /* Debug */ = {
			isa = XCBuildConfiguration;
			buildSettings = {
				ALWAYS_SEARCH_USER_PATHS = NO;
				CLANG_ANALYZER_NONNULL = YES;
				CLANG_ANALYZER_NUMBER_OBJECT_CONVERSION = YES_AGGRESSIVE;
				CLANG_CXX_LANGUAGE_STANDARD = "gnu++14";
				CLANG_CXX_LIBRARY = "libc++";
				CLANG_ENABLE_MODULES = YES;
				CLANG_ENABLE_OBJC_ARC = YES;
				CLANG_ENABLE_OBJC_WEAK = YES;
				CLANG_WARN_BLOCK_CAPTURE_AUTORELEASING = YES;
				CLANG_WARN_BOOL_CONVERSION = YES;
				CLANG_WARN_COMMA = YES;
				CLANG_WARN_CONSTANT_CONVERSION = YES;
				CLANG_WARN_DEPRECATED_OBJC_IMPLEMENTATIONS = YES;
				CLANG_WARN_DIRECT_OBJC_ISA_USAGE = YES_ERROR;
				CLANG_WARN_DOCUMENTATION_COMMENTS = YES;
				CLANG_WARN_EMPTY_BODY = YES;
				CLANG_WARN_ENUM_CONVERSION = YES;
				CLANG_WARN_INFINITE_RECURSION = YES;
				CLANG_WARN_INT_CONVERSION = YES;
				CLANG_WARN_NON_LITERAL_NULL_CONVERSION = YES;
				CLANG_WARN_OBJC_IMPLICIT_RETAIN_SELF = YES;
				CLANG_WARN_OBJC_LITERAL_CONVERSION = YES;
				CLANG_WARN_OBJC_ROOT_CLASS = YES_ERROR;
				CLANG_WARN_RANGE_LOOP_ANALYSIS = YES;
				CLANG_WARN_STRICT_PROTOTYPES = YES;
				CLANG_WARN_SUSPICIOUS_MOVE = YES;
				CLANG_WARN_UNGUARDED_AVAILABILITY = YES_AGGRESSIVE;
				CLANG_WARN_UNREACHABLE_CODE = YES;
				CLANG_WARN__DUPLICATE_METHOD_MATCH = YES;
				COPY_PHASE_STRIP = NO;
				DEBUG_INFORMATION_FORMAT = dwarf;
				ENABLE_STRICT_OBJC_MSGSEND = YES;
				ENABLE_TESTABILITY = YES;
				GCC_C_LANGUAGE_STANDARD = gnu11;
				GCC_DYNAMIC_NO_PIC = NO;
				GCC_NO_COMMON_BLOCKS = YES;
				GCC_OPTIMIZATION_LEVEL = 0;
				GCC_PREPROCESSOR_DEFINITIONS = (
					"DEBUG=1",
					"$(inherited)",
				);
				GCC_WARN_64_TO_32_BIT_CONVERSION = YES;
				GCC_WARN_ABOUT_RETURN_TYPE = YES_ERROR;
				GCC_WARN_UNDECLARED_SELECTOR = YES;
				GCC_WARN_UNINITIALIZED_AUTOS = YES_AGGRESSIVE;
				GCC_WARN_UNUSED_FUNCTION = YES;
				GCC_WARN_UNUSED_VARIABLE = YES;
				IPHONEOS_DEPLOYMENT_TARGET = 9.0;
				MTL_ENABLE_DEBUG_INFO = INCLUDE_SOURCE;
				MTL_FAST_MATH = YES;
				ONLY_ACTIVE_ARCH = YES;
				SDKROOT = iphoneos;
			};
			name = Debug;
		};
		64D1B4A3257632610021B29C /* Release */ = {
			isa = XCBuildConfiguration;
			buildSettings = {
				ALWAYS_SEARCH_USER_PATHS = NO;
				CLANG_ANALYZER_NONNULL = YES;
				CLANG_ANALYZER_NUMBER_OBJECT_CONVERSION = YES_AGGRESSIVE;
				CLANG_CXX_LANGUAGE_STANDARD = "gnu++14";
				CLANG_CXX_LIBRARY = "libc++";
				CLANG_ENABLE_MODULES = YES;
				CLANG_ENABLE_OBJC_ARC = YES;
				CLANG_ENABLE_OBJC_WEAK = YES;
				CLANG_WARN_BLOCK_CAPTURE_AUTORELEASING = YES;
				CLANG_WARN_BOOL_CONVERSION = YES;
				CLANG_WARN_COMMA = YES;
				CLANG_WARN_CONSTANT_CONVERSION = YES;
				CLANG_WARN_DEPRECATED_OBJC_IMPLEMENTATIONS = YES;
				CLANG_WARN_DIRECT_OBJC_ISA_USAGE = YES_ERROR;
				CLANG_WARN_DOCUMENTATION_COMMENTS = YES;
				CLANG_WARN_EMPTY_BODY = YES;
				CLANG_WARN_ENUM_CONVERSION = YES;
				CLANG_WARN_INFINITE_RECURSION = YES;
				CLANG_WARN_INT_CONVERSION = YES;
				CLANG_WARN_NON_LITERAL_NULL_CONVERSION = YES;
				CLANG_WARN_OBJC_IMPLICIT_RETAIN_SELF = YES;
				CLANG_WARN_OBJC_LITERAL_CONVERSION = YES;
				CLANG_WARN_OBJC_ROOT_CLASS = YES_ERROR;
				CLANG_WARN_RANGE_LOOP_ANALYSIS = YES;
				CLANG_WARN_STRICT_PROTOTYPES = YES;
				CLANG_WARN_SUSPICIOUS_MOVE = YES;
				CLANG_WARN_UNGUARDED_AVAILABILITY = YES_AGGRESSIVE;
				CLANG_WARN_UNREACHABLE_CODE = YES;
				CLANG_WARN__DUPLICATE_METHOD_MATCH = YES;
				COPY_PHASE_STRIP = NO;
				DEBUG_INFORMATION_FORMAT = "dwarf-with-dsym";
				ENABLE_NS_ASSERTIONS = NO;
				ENABLE_STRICT_OBJC_MSGSEND = YES;
				GCC_C_LANGUAGE_STANDARD = gnu11;
				GCC_NO_COMMON_BLOCKS = YES;
				GCC_WARN_64_TO_32_BIT_CONVERSION = YES;
				GCC_WARN_ABOUT_RETURN_TYPE = YES_ERROR;
				GCC_WARN_UNDECLARED_SELECTOR = YES;
				GCC_WARN_UNINITIALIZED_AUTOS = YES_AGGRESSIVE;
				GCC_WARN_UNUSED_FUNCTION = YES;
				GCC_WARN_UNUSED_VARIABLE = YES;
				IPHONEOS_DEPLOYMENT_TARGET = 9.0;
				MTL_ENABLE_DEBUG_INFO = NO;
				MTL_FAST_MATH = YES;
				SDKROOT = iphoneos;
				VALIDATE_PRODUCT = YES;
			};
			name = Release;
		};
		64D1B4A5257632610021B29C /* Debug */ = {
			isa = XCBuildConfiguration;
			buildSettings = {
				ASSETCATALOG_COMPILER_APPICON_NAME = AppIcon;
				CODE_SIGN_STYLE = Automatic;
				FRAMEWORK_SEARCH_PATHS = (
					"$(inherited)",
					"$(PROJECT_DIR)/TGTestDemo",
				);
				INFOPLIST_FILE = TGTestDemo/Info.plist;
				LD_RUNPATH_SEARCH_PATHS = (
					"$(inherited)",
					"@executable_path/Frameworks",
				);
				PRODUCT_BUNDLE_IDENTIFIER = com.PersonalONBYL.TGTestDemo;
				PRODUCT_NAME = "$(TARGET_NAME)";
				TARGETED_DEVICE_FAMILY = "1,2";
			};
			name = Debug;
		};
		64D1B4A6257632610021B29C /* Release */ = {
			isa = XCBuildConfiguration;
			buildSettings = {
				ASSETCATALOG_COMPILER_APPICON_NAME = AppIcon;
				CODE_SIGN_STYLE = Automatic;
				FRAMEWORK_SEARCH_PATHS = (
					"$(inherited)",
					"$(PROJECT_DIR)/TGTestDemo",
				);
				INFOPLIST_FILE = TGTestDemo/Info.plist;
				LD_RUNPATH_SEARCH_PATHS = (
					"$(inherited)",
					"@executable_path/Frameworks",
				);
				PRODUCT_BUNDLE_IDENTIFIER = com.PersonalONBYL.TGTestDemo;
				PRODUCT_NAME = "$(TARGET_NAME)";
				TARGETED_DEVICE_FAMILY = "1,2";
			};
			name = Release;
		};
/* End XCBuildConfiguration section */

/* Begin XCConfigurationList section */
		64D1B486257632600021B29C /* Build configuration list for PBXProject "TGTestDemo" */ = {
			isa = XCConfigurationList;
			buildConfigurations = (
				64D1B4A2257632610021B29C /* Debug */,
				64D1B4A3257632610021B29C /* Release */,
			);
			defaultConfigurationIsVisible = 0;
			defaultConfigurationName = Release;
		};
		64D1B4A4257632610021B29C /* Build configuration list for PBXNativeTarget "TGTestDemo" */ = {
			isa = XCConfigurationList;
			buildConfigurations = (
				64D1B4A5257632610021B29C /* Debug */,
				64D1B4A6257632610021B29C /* Release */,
			);
			defaultConfigurationIsVisible = 0;
			defaultConfigurationName = Release;
		};
/* End XCConfigurationList section */
	};
	rootObject = 64D1B483257632600021B29C /* Project object */;
}
